schema: '2.0'
stages:
  load_data:
    cmd: python src/stage_01_load_save.py --config=config/config.yaml
    deps:
    - path: config/config.yaml
      md5: 81be20bfa4d32418d0e6922bc28b9b7f
      size: 212
    - path: src/stage_01_load_save.py
      md5: f611c44ee157ad332c8aaaa40b711e28
      size: 1056
    - path: src/utils/all_utils.py
      md5: 7f3c9efa3da9cb5c86179aa7ba68f0ca
      size: 343
    outs:
    - path: artifacts/raw_local_dir/data.csv
      md5: 6a883fd98624e18c0b7ce251f4fab4fb
      size: 102551
